
Microsoft Visual Studio Solution File, Format Version 12.00
# Visual Studio 15
VisualStudioVersion = 15.0.27703.2042
MinimumVisualStudioVersion = 10.0.40219.1
Project("{FAE04EC0-301F-11D3-BF4B-00C04F79EFBC}") = "EscuelaItinerante", "EscuelaItinerante\EscuelaItinerante.csproj", "{078D546B-F4B2-4F03-BC8A-07D977B08357}"
EndProject
Global
	GlobalSection(SolutionConfigurationPlatforms) = preSolution
		Debug|Any CPU = Debug|Any CPU
		Release|Any CPU = Release|Any CPU
	EndGlobalSection
	GlobalSection(ProjectConfigurationPlatforms) = postSolution
		{078D546B-F4B2-4F03-BC8A-07D977B08357}.Debug|Any CPU.ActiveCfg = Debug|Any CPU
		{078D546B-F4B2-4F03-BC8A-07D977B08357}.Debug|Any CPU.Build.0 = Debug|Any CPU
		{078D546B-F4B2-4F03-BC8A-07D977B08357}.Release|Any CPU.ActiveCfg = Release|Any CPU
		{078D546B-F4B2-4F03-BC8A-07D977B08357}.Release|Any CPU.Build.0 = Release|Any CPU
	EndGlobalSection
	GlobalSection(SolutionProperties) = preSolution
		HideSolutionNode = FALSE
	EndGlobalSection
	GlobalSection(ExtensibilityGlobals) = postSolution
		SolutionGuid = {75EA96B7-1830-405C-8E0F-CB1E649EFEEF}
	EndGlobalSection
EndGlobal
